
Microsoft Visual Studio Solution File, Format Version 12.00
# Visual Studio Version 17
VisualStudioVersion = 17.5.33424.131
MinimumVisualStudioVersion = 10.0.40219.1
Project("{FAE04EC0-301F-11D3-BF4B-00C04F79EFBC}") = "BlazorApp", "BlazorApp\BlazorApp.csproj", "{331E3684-63E7-4924-BB0B-8D24D87EFA51}"
EndProject
Global
	GlobalSection(SolutionConfigurationPlatforms) = preSolution
		Debug|Any CPU = Debug|Any CPU
		Release|Any CPU = Release|Any CPU
	EndGlobalSection
	GlobalSection(ProjectConfigurationPlatforms) = postSolution
		{331E3684-63E7-4924-BB0B-8D24D87EFA51}.Debug|Any CPU.ActiveCfg = Debug|Any CPU
		{331E3684-63E7-4924-BB0B-8D24D87EFA51}.Debug|Any CPU.Build.0 = Debug|Any CPU
		{331E3684-63E7-4924-BB0B-8D24D87EFA51}.Release|Any CPU.ActiveCfg = Release|Any CPU
		{331E3684-63E7-4924-BB0B-8D24D87EFA51}.Release|Any CPU.Build.0 = Release|Any CPU
	EndGlobalSection
	GlobalSection(SolutionProperties) = preSolution
		HideSolutionNode = FALSE
	EndGlobalSection
	GlobalSection(ExtensibilityGlobals) = postSolution
		SolutionGuid = {8BAFA994-44B4-4424-A839-D5349A99B67B}
	EndGlobalSection
EndGlobal
